
Microsoft Visual Studio Solution File, Format Version 12.00
# Visual Studio Version 17
VisualStudioVersion = 17.1.32319.34
MinimumVisualStudioVersion = 10.0.40219.1
Project("{8BC9CEB8-8B4A-11D0-8D11-00A0C91BC942}") = "codeforce", "codeforce.vcxproj", "{E5224017-780E-43A0-A256-27DFC8B2412F}"
EndProject
Global
	GlobalSection(SolutionConfigurationPlatforms) = preSolution
		Debug|ARM = Debug|ARM
		Debug|ARM64 = Debug|ARM64
		Debug|x64 = Debug|x64
		Debug|x86 = Debug|x86
		Release|ARM = Release|ARM
		Release|ARM64 = Release|ARM64
		Release|x64 = Release|x64
		Release|x86 = Release|x86
	EndGlobalSection
	GlobalSection(ProjectConfigurationPlatforms) = postSolution
		{E5224017-780E-43A0-A256-27DFC8B2412F}.Debug|ARM.ActiveCfg = Debug|ARM
		{E5224017-780E-43A0-A256-27DFC8B2412F}.Debug|ARM.Build.0 = Debug|ARM
		{E5224017-780E-43A0-A256-27DFC8B2412F}.Debug|ARM.Deploy.0 = Debug|ARM
		{E5224017-780E-43A0-A256-27DFC8B2412F}.Debug|ARM64.ActiveCfg = Debug|ARM64
		{E5224017-780E-43A0-A256-27DFC8B2412F}.Debug|ARM64.Build.0 = Debug|ARM64
		{E5224017-780E-43A0-A256-27DFC8B2412F}.Debug|ARM64.Deploy.0 = Debug|ARM64
		{E5224017-780E-43A0-A256-27DFC8B2412F}.Debug|x64.ActiveCfg = Debug|x64
		{E5224017-780E-43A0-A256-27DFC8B2412F}.Debug|x64.Build.0 = Debug|x64
		{E5224017-780E-43A0-A256-27DFC8B2412F}.Debug|x64.Deploy.0 = Debug|x64
		{E5224017-780E-43A0-A256-27DFC8B2412F}.Debug|x86.ActiveCfg = Debug|x86
		{E5224017-780E-43A0-A256-27DFC8B2412F}.Debug|x86.Build.0 = Debug|x86
		{E5224017-780E-43A0-A256-27DFC8B2412F}.Debug|x86.Deploy.0 = Debug|x86
		{E5224017-780E-43A0-A256-27DFC8B2412F}.Release|ARM.ActiveCfg = Release|ARM
		{E5224017-780E-43A0-A256-27DFC8B2412F}.Release|ARM.Build.0 = Release|ARM
		{E5224017-780E-43A0-A256-27DFC8B2412F}.Release|ARM.Deploy.0 = Release|ARM
		{E5224017-780E-43A0-A256-27DFC8B2412F}.Release|ARM64.ActiveCfg = Release|ARM64
		{E5224017-780E-43A0-A256-27DFC8B2412F}.Release|ARM64.Build.0 = Release|ARM64
		{E5224017-780E-43A0-A256-27DFC8B2412F}.Release|ARM64.Deploy.0 = Release|ARM64
		{E5224017-780E-43A0-A256-27DFC8B2412F}.Release|x64.ActiveCfg = Release|x64
		{E5224017-780E-43A0-A256-27DFC8B2412F}.Release|x64.Build.0 = Release|x64
		{E5224017-780E-43A0-A256-27DFC8B2412F}.Release|x64.Deploy.0 = Release|x64
		{E5224017-780E-43A0-A256-27DFC8B2412F}.Release|x86.ActiveCfg = Release|x86
		{E5224017-780E-43A0-A256-27DFC8B2412F}.Release|x86.Build.0 = Release|x86
		{E5224017-780E-43A0-A256-27DFC8B2412F}.Release|x86.Deploy.0 = Release|x86
	EndGlobalSection
	GlobalSection(SolutionProperties) = preSolution
		HideSolutionNode = FALSE
	EndGlobalSection
	GlobalSection(ExtensibilityGlobals) = postSolution
		SolutionGuid = {010AC2AE-59D5-4A11-8FC5-371DA2F87695}
	EndGlobalSection
EndGlobal
